// !$*UTF8*$!
{
	archiveVersion = 1;
	classes = {
	};
	objectVersion = 55;
	objects = {

/* Begin PBXBuildFile section */
		276B208E2836256500EB9F0A /* SwiftLint_GitHooksApp.swift in Sources */ = {isa = PBXBuildFile; fileRef = 276B208D2836256500EB9F0A /* SwiftLint_GitHooksApp.swift */; };
		276B20902836256500EB9F0A /* ContentView.swift in Sources */ = {isa = PBXBuildFile; fileRef = 276B208F2836256500EB9F0A /* ContentView.swift */; };
		276B20922836256700EB9F0A /* Assets.xcassets in Resources */ = {isa = PBXBuildFile; fileRef = 276B20912836256700EB9F0A /* Assets.xcassets */; };
		276B20952836256700EB9F0A /* Preview Assets.xcassets in Resources */ = {isa = PBXBuildFile; fileRef = 276B20942836256700EB9F0A /* Preview Assets.xcassets */; };
		CCE459C81CCDACC7562DB2A6 /* Pods_SwiftLint_GitHooks.framework in Frameworks */ = {isa = PBXBuildFile; fileRef = AB01124D28AF39C60175BF95 /* Pods_SwiftLint_GitHooks.framework */; };
/* End PBXBuildFile section */

/* Begin PBXFileReference section */
		276B208A2836256500EB9F0A /* SwiftLint-GitHooks.app */ = {isa = PBXFileReference; explicitFileType = wrapper.application; includeInIndex = 0; path = "SwiftLint-GitHooks.app"; sourceTree = BUILT_PRODUCTS_DIR; };
		276B208D2836256500EB9F0A /* SwiftLint_GitHooksApp.swift */ = {isa = PBXFileReference; lastKnownFileType = sourcecode.swift; path = SwiftLint_GitHooksApp.swift; sourceTree = "<group>"; };
		276B208F2836256500EB9F0A /* ContentView.swift */ = {isa = PBXFileReference; lastKnownFileType = sourcecode.swift; path = ContentView.swift; sourceTree = "<group>"; };
		276B20912836256700EB9F0A /* Assets.xcassets */ = {isa = PBXFileReference; lastKnownFileType = folder.assetcatalog; path = Assets.xcassets; sourceTree = "<group>"; };
		276B20942836256700EB9F0A /* Preview Assets.xcassets */ = {isa = PBXFileReference; lastKnownFileType = folder.assetcatalog; path = "Preview Assets.xcassets"; sourceTree = "<group>"; };
		89C2144B3E2EA9B34C3BD6BC /* Pods-SwiftLint-GitHooks.debug.xcconfig */ = {isa = PBXFileReference; includeInIndex = 1; lastKnownFileType = text.xcconfig; name = "Pods-SwiftLint-GitHooks.debug.xcconfig"; path = "Target Support Files/Pods-SwiftLint-GitHooks/Pods-SwiftLint-GitHooks.debug.xcconfig"; sourceTree = "<group>"; };
		AB01124D28AF39C60175BF95 /* Pods_SwiftLint_GitHooks.framework */ = {isa = PBXFileReference; explicitFileType = wrapper.framework; includeInIndex = 0; path = Pods_SwiftLint_GitHooks.framework; sourceTree = BUILT_PRODUCTS_DIR; };
		C69D2D04E262583D03E29FC7 /* Pods-SwiftLint-GitHooks.release.xcconfig */ = {isa = PBXFileReference; includeInIndex = 1; lastKnownFileType = text.xcconfig; name = "Pods-SwiftLint-GitHooks.release.xcconfig"; path = "Target Support Files/Pods-SwiftLint-GitHooks/Pods-SwiftLint-GitHooks.release.xcconfig"; sourceTree = "<group>"; };
/* End PBXFileReference section */

/* Begin PBXFrameworksBuildPhase section */
		276B20872836256500EB9F0A /* Frameworks */ = {
			isa = PBXFrameworksBuildPhase;
			buildActionMask = 2147483647;
			files = (
				CCE459C81CCDACC7562DB2A6 /* Pods_SwiftLint_GitHooks.framework in Frameworks */,
			);
			runOnlyForDeploymentPostprocessing = 0;
		};
/* End PBXFrameworksBuildPhase section */

/* Begin PBXGroup section */
		276B20812836256500EB9F0A = {
			isa = PBXGroup;
			children = (
				276B208C2836256500EB9F0A /* SwiftLint-GitHooks */,
				276B208B2836256500EB9F0A /* Products */,
				F100FD54E2920C4543EAB58A /* Pods */,
				3549AAE5A3677DFA23CB6126 /* Frameworks */,
			);
			sourceTree = "<group>";
		};
		276B208B2836256500EB9F0A /* Products */ = {
			isa = PBXGroup;
			children = (
				276B208A2836256500EB9F0A /* SwiftLint-GitHooks.app */,
			);
			name = Products;
			sourceTree = "<group>";
		};
		276B208C2836256500EB9F0A /* SwiftLint-GitHooks */ = {
			isa = PBXGroup;
			children = (
				276B208D2836256500EB9F0A /* SwiftLint_GitHooksApp.swift */,
				276B208F2836256500EB9F0A /* ContentView.swift */,
				276B20912836256700EB9F0A /* Assets.xcassets */,
				276B20932836256700EB9F0A /* Preview Content */,
			);
			path = "SwiftLint-GitHooks";
			sourceTree = "<group>";
		};
		276B20932836256700EB9F0A /* Preview Content */ = {
			isa = PBXGroup;
			children = (
				276B20942836256700EB9F0A /* Preview Assets.xcassets */,
			);
			path = "Preview Content";
			sourceTree = "<group>";
		};
		3549AAE5A3677DFA23CB6126 /* Frameworks */ = {
			isa = PBXGroup;
			children = (
				AB01124D28AF39C60175BF95 /* Pods_SwiftLint_GitHooks.framework */,
			);
			name = Frameworks;
			sourceTree = "<group>";
		};
		F100FD54E2920C4543EAB58A /* Pods */ = {
			isa = PBXGroup;
			children = (
				89C2144B3E2EA9B34C3BD6BC /* Pods-SwiftLint-GitHooks.debug.xcconfig */,
				C69D2D04E262583D03E29FC7 /* Pods-SwiftLint-GitHooks.release.xcconfig */,
			);
			path = Pods;
			sourceTree = "<group>";
		};
/* End PBXGroup section */

/* Begin PBXNativeTarget section */
		276B20892836256500EB9F0A /* SwiftLint-GitHooks */ = {
			isa = PBXNativeTarget;
			buildConfigurationList = 276B20982836256700EB9F0A /* Build configuration list for PBXNativeTarget "SwiftLint-GitHooks" */;
			buildPhases = (
				2ABC05DE42AC75107E5C4F70 /* [CP] Check Pods Manifest.lock */,
				276B20862836256500EB9F0A /* Sources */,
				276B20872836256500EB9F0A /* Frameworks */,
				276B20882836256500EB9F0A /* Resources */,
				276B209B283625EC00EB9F0A /* SwiftLint */,
				276B209C28362C5700EB9F0A /* SwiftLint Output */,
			);
			buildRules = (
			);
			dependencies = (
			);
			name = "SwiftLint-GitHooks";
			productName = "SwiftLint-GitHooks";
			productReference = 276B208A2836256500EB9F0A /* SwiftLint-GitHooks.app */;
			productType = "com.apple.product-type.application";
		};
/* End PBXNativeTarget section */

/* Begin PBXProject section */
		276B20822836256500EB9F0A /* Project object */ = {
			isa = PBXProject;
			attributes = {
				BuildIndependentTargetsInParallel = 1;
				LastSwiftUpdateCheck = 1330;
				LastUpgradeCheck = 1330;
				TargetAttributes = {
					276B20892836256500EB9F0A = {
						CreatedOnToolsVersion = 13.3.1;
					};
				};
			};
			buildConfigurationList = 276B20852836256500EB9F0A /* Build configuration list for PBXProject "SwiftLint-GitHooks" */;
			compatibilityVersion = "Xcode 13.0";
			developmentRegion = en;
			hasScannedForEncodings = 0;
			knownRegions = (
				en,
				Base,
			);
			mainGroup = 276B20812836256500EB9F0A;
			productRefGroup = 276B208B2836256500EB9F0A /* Products */;
			projectDirPath = "";
			projectRoot = "";
			targets = (
				276B20892836256500EB9F0A /* SwiftLint-GitHooks */,
			);
		};
/* End PBXProject section */

/* Begin PBXResourcesBuildPhase section */
		276B20882836256500EB9F0A /* Resources */ = {
			isa = PBXResourcesBuildPhase;
			buildActionMask = 2147483647;
			files = (
				276B20952836256700EB9F0A /* Preview Assets.xcassets in Resources */,
				276B20922836256700EB9F0A /* Assets.xcassets in Resources */,
			);
			runOnlyForDeploymentPostprocessing = 0;
		};
/* End PBXResourcesBuildPhase section */

/* Begin PBXShellScriptBuildPhase section */
		276B209B283625EC00EB9F0A /* SwiftLint */ = {
			isa = PBXShellScriptBuildPhase;
			buildActionMask = 2147483647;
			files = (
			);
			inputFileListPaths = (
			);
			inputPaths = (
			);
			name = SwiftLint;
			outputFileListPaths = (
			);
			outputPaths = (
			);
			runOnlyForDeploymentPostprocessing = 0;
			shellPath = /bin/sh;
			shellScript = "${PODS_ROOT}/SwiftLint/swiftlint\n";
		};
		276B209C28362C5700EB9F0A /* SwiftLint Output */ = {
			isa = PBXShellScriptBuildPhase;
			buildActionMask = 2147483647;
			files = (
			);
			inputFileListPaths = (
			);
			inputPaths = (
			);
			name = "SwiftLint Output";
			outputFileListPaths = (
			);
			outputPaths = (
			);
			runOnlyForDeploymentPostprocessing = 0;
			shellPath = /bin/sh;
			shellScript = "${PODS_ROOT}/SwiftLint/swiftlint > swiftlint.txt\n";
		};
		2ABC05DE42AC75107E5C4F70 /* [CP] Check Pods Manifest.lock */ = {
			isa = PBXShellScriptBuildPhase;
			buildActionMask = 2147483647;
			files = (
			);
			inputFileListPaths = (
			);
			inputPaths = (
				"${PODS_PODFILE_DIR_PATH}/Podfile.lock",
				"${PODS_ROOT}/Manifest.lock",
			);
			name = "[CP] Check Pods Manifest.lock";
			outputFileListPaths = (
			);
			outputPaths = (
				"$(DERIVED_FILE_DIR)/Pods-SwiftLint-GitHooks-checkManifestLockResult.txt",
			);
			runOnlyForDeploymentPostprocessing = 0;
			shellPath = /bin/sh;
			shellScript = "diff \"${PODS_PODFILE_DIR_PATH}/Podfile.lock\" \"${PODS_ROOT}/Manifest.lock\" > /dev/null\nif [ $? != 0 ] ; then\n    # print error to STDERR\n    echo \"error: The sandbox is not in sync with the Podfile.lock. Run 'pod install' or update your CocoaPods installation.\" >&2\n    exit 1\nfi\n# This output is used by Xcode 'outputs' to avoid re-running this script phase.\necho \"SUCCESS\" > \"${SCRIPT_OUTPUT_FILE_0}\"\n";
			showEnvVarsInLog = 0;
		};
/* End PBXShellScriptBuildPhase section */

/* Begin PBXSourcesBuildPhase section */
		276B20862836256500EB9F0A /* Sources */ = {
			isa = PBXSourcesBuildPhase;
			buildActionMask = 2147483647;
			files = (
				276B20902836256500EB9F0A /* ContentView.swift in Sources */,
				276B208E2836256500EB9F0A /* SwiftLint_GitHooksApp.swift in Sources */,
			);
			runOnlyForDeploymentPostprocessing = 0;
		};
/* End PBXSourcesBuildPhase section */

/* Begin XCBuildConfiguration section */
		276B20962836256700EB9F0A /* Debug */ = {
			isa = XCBuildConfiguration;
			buildSettings = {
				ALWAYS_SEARCH_USER_PATHS = NO;
				CLANG_ANALYZER_NONNULL = YES;
				CLANG_ANALYZER_NUMBER_OBJECT_CONVERSION = YES_AGGRESSIVE;
				CLANG_CXX_LANGUAGE_STANDARD = "gnu++17";
				CLANG_ENABLE_MODULES = YES;
				CLANG_ENABLE_OBJC_ARC = YES;
				CLANG_ENABLE_OBJC_WEAK = YES;
				CLANG_WARN_BLOCK_CAPTURE_AUTORELEASING = YES;
				CLANG_WARN_BOOL_CONVERSION = YES;
				CLANG_WARN_COMMA = YES;
				CLANG_WARN_CONSTANT_CONVERSION = YES;
				CLANG_WARN_DEPRECATED_OBJC_IMPLEMENTATIONS = YES;
				CLANG_WARN_DIRECT_OBJC_ISA_USAGE = YES_ERROR;
				CLANG_WARN_DOCUMENTATION_COMMENTS = YES;
				CLANG_WARN_EMPTY_BODY = YES;
				CLANG_WARN_ENUM_CONVERSION = YES;
				CLANG_WARN_INFINITE_RECURSION = YES;
				CLANG_WARN_INT_CONVERSION = YES;
				CLANG_WARN_NON_LITERAL_NULL_CONVERSION = YES;
				CLANG_WARN_OBJC_IMPLICIT_RETAIN_SELF = YES;
				CLANG_WARN_OBJC_LITERAL_CONVERSION = YES;
				CLANG_WARN_OBJC_ROOT_CLASS = YES_ERROR;
				CLANG_WARN_QUOTED_INCLUDE_IN_FRAMEWORK_HEADER = YES;
				CLANG_WARN_RANGE_LOOP_ANALYSIS = YES;
				CLANG_WARN_STRICT_PROTOTYPES = YES;
				CLANG_WARN_SUSPICIOUS_MOVE = YES;
				CLANG_WARN_UNGUARDED_AVAILABILITY = YES_AGGRESSIVE;
				CLANG_WARN_UNREACHABLE_CODE = YES;
				CLANG_WARN__DUPLICATE_METHOD_MATCH = YES;
				COPY_PHASE_STRIP = NO;
				DEBUG_INFORMATION_FORMAT = dwarf;
				ENABLE_STRICT_OBJC_MSGSEND = YES;
				ENABLE_TESTABILITY = YES;
				GCC_C_LANGUAGE_STANDARD = gnu11;
				GCC_DYNAMIC_NO_PIC = NO;
				GCC_NO_COMMON_BLOCKS = YES;
				GCC_OPTIMIZATION_LEVEL = 0;
				GCC_PREPROCESSOR_DEFINITIONS = (
					"DEBUG=1",
					"$(inherited)",
				);
				GCC_WARN_64_TO_32_BIT_CONVERSION = YES;
				GCC_WARN_ABOUT_RETURN_TYPE = YES_ERROR;
				GCC_WARN_UNDECLARED_SELECTOR = YES;
				GCC_WARN_UNINITIALIZED_AUTOS = YES_AGGRESSIVE;
				GCC_WARN_UNUSED_FUNCTION = YES;
				GCC_WARN_UNUSED_VARIABLE = YES;
				IPHONEOS_DEPLOYMENT_TARGET = 15.4;
				MTL_ENABLE_DEBUG_INFO = INCLUDE_SOURCE;
				MTL_FAST_MATH = YES;
				ONLY_ACTIVE_ARCH = YES;
				SDKROOT = iphoneos;
				SWIFT_ACTIVE_COMPILATION_CONDITIONS = DEBUG;
				SWIFT_OPTIMIZATION_LEVEL = "-Onone";
			};
			name = Debug;
		};
		276B20972836256700EB9F0A /* Release */ = {
			isa = XCBuildConfiguration;
			buildSettings = {
				ALWAYS_SEARCH_USER_PATHS = NO;
				CLANG_ANALYZER_NONNULL = YES;
				CLANG_ANALYZER_NUMBER_OBJECT_CONVERSION = YES_AGGRESSIVE;
				CLANG_CXX_LANGUAGE_STANDARD = "gnu++17";
				CLANG_ENABLE_MODULES = YES;
				CLANG_ENABLE_OBJC_ARC = YES;
				CLANG_ENABLE_OBJC_WEAK = YES;
				CLANG_WARN_BLOCK_CAPTURE_AUTORELEASING = YES;
				CLANG_WARN_BOOL_CONVERSION = YES;
				CLANG_WARN_COMMA = YES;
				CLANG_WARN_CONSTANT_CONVERSION = YES;
				CLANG_WARN_DEPRECATED_OBJC_IMPLEMENTATIONS = YES;
				CLANG_WARN_DIRECT_OBJC_ISA_USAGE = YES_ERROR;
				CLANG_WARN_DOCUMENTATION_COMMENTS = YES;
				CLANG_WARN_EMPTY_BODY = YES;
				CLANG_WARN_ENUM_CONVERSION = YES;
				CLANG_WARN_INFINITE_RECURSION = YES;
				CLANG_WARN_INT_CONVERSION = YES;
				CLANG_WARN_NON_LITERAL_NULL_CONVERSION = YES;
				CLANG_WARN_OBJC_IMPLICIT_RETAIN_SELF = YES;
				CLANG_WARN_OBJC_LITERAL_CONVERSION = YES;
				CLANG_WARN_OBJC_ROOT_CLASS = YES_ERROR;
				CLANG_WARN_QUOTED_INCLUDE_IN_FRAMEWORK_HEADER = YES;
				CLANG_WARN_RANGE_LOOP_ANALYSIS = YES;
				CLANG_WARN_STRICT_PROTOTYPES = YES;
				CLANG_WARN_SUSPICIOUS_MOVE = YES;
				CLANG_WARN_UNGUARDED_AVAILABILITY = YES_AGGRESSIVE;
				CLANG_WARN_UNREACHABLE_CODE = YES;
				CLANG_WARN__DUPLICATE_METHOD_MATCH = YES;
				COPY_PHASE_STRIP = NO;
				DEBUG_INFORMATION_FORMAT = "dwarf-with-dsym";
				ENABLE_NS_ASSERTIONS = NO;
				ENABLE_STRICT_OBJC_MSGSEND = YES;
				GCC_C_LANGUAGE_STANDARD = gnu11;
				GCC_NO_COMMON_BLOCKS = YES;
				GCC_WARN_64_TO_32_BIT_CONVERSION = YES;
				GCC_WARN_ABOUT_RETURN_TYPE = YES_ERROR;
				GCC_WARN_UNDECLARED_SELECTOR = YES;
				GCC_WARN_UNINITIALIZED_AUTOS = YES_AGGRESSIVE;
				GCC_WARN_UNUSED_FUNCTION = YES;
				GCC_WARN_UNUSED_VARIABLE = YES;
				IPHONEOS_DEPLOYMENT_TARGET = 15.4;
				MTL_ENABLE_DEBUG_INFO = NO;
				MTL_FAST_MATH = YES;
				SDKROOT = iphoneos;
				SWIFT_COMPILATION_MODE = wholemodule;
				SWIFT_OPTIMIZATION_LEVEL = "-O";
				VALIDATE_PRODUCT = YES;
			};
			name = Release;
		};
		276B20992836256700EB9F0A /* Debug */ = {
			isa = XCBuildConfiguration;
			baseConfigurationReference = 89C2144B3E2EA9B34C3BD6BC /* Pods-SwiftLint-GitHooks.debug.xcconfig */;
			buildSettings = {
				ASSETCATALOG_COMPILER_APPICON_NAME = AppIcon;
				ASSETCATALOG_COMPILER_GLOBAL_ACCENT_COLOR_NAME = AccentColor;
				CODE_SIGN_STYLE = Automatic;
				CURRENT_PROJECT_VERSION = 1;
				DEVELOPMENT_ASSET_PATHS = "\"SwiftLint-GitHooks/Preview Content\"";
				DEVELOPMENT_TEAM = 54JDK55DR5;
				ENABLE_PREVIEWS = YES;
				GENERATE_INFOPLIST_FILE = YES;
				INFOPLIST_KEY_UIApplicationSceneManifest_Generation = YES;
				INFOPLIST_KEY_UIApplicationSupportsIndirectInputEvents = YES;
				INFOPLIST_KEY_UILaunchScreen_Generation = YES;
				INFOPLIST_KEY_UISupportedInterfaceOrientations_iPad = "UIInterfaceOrientationPortrait UIInterfaceOrientationPortraitUpsideDown UIInterfaceOrientationLandscapeLeft UIInterfaceOrientationLandscapeRight";
				INFOPLIST_KEY_UISupportedInterfaceOrientations_iPhone = "UIInterfaceOrientationPortrait UIInterfaceOrientationLandscapeLeft UIInterfaceOrientationLandscapeRight";
				LD_RUNPATH_SEARCH_PATHS = (
					"$(inherited)",
					"@executable_path/Frameworks",
				);
				MARKETING_VERSION = 1.0;
				PRODUCT_BUNDLE_IDENTIFIER = "ezequiel.app.SwiftLint-GitHooks";
				PRODUCT_NAME = "$(TARGET_NAME)";
				SWIFT_EMIT_LOC_STRINGS = YES;
				SWIFT_VERSION = 5.0;
				TARGETED_DEVICE_FAMILY = "1,2";
			};
			name = Debug;
		};
		276B209A2836256700EB9F0A /* Release */ = {
			isa = XCBuildConfiguration;
			baseConfigurationReference = C69D2D04E262583D03E29FC7 /* Pods-SwiftLint-GitHooks.release.xcconfig */;
			buildSettings = {
				ASSETCATALOG_COMPILER_APPICON_NAME = AppIcon;
				ASSETCATALOG_COMPILER_GLOBAL_ACCENT_COLOR_NAME = AccentColor;
				CODE_SIGN_STYLE = Automatic;
				CURRENT_PROJECT_VERSION = 1;
				DEVELOPMENT_ASSET_PATHS = "\"SwiftLint-GitHooks/Preview Content\"";
				DEVELOPMENT_TEAM = 54JDK55DR5;
				ENABLE_PREVIEWS = YES;
				GENERATE_INFOPLIST_FILE = YES;
				INFOPLIST_KEY_UIApplicationSceneManifest_Generation = YES;
				INFOPLIST_KEY_UIApplicationSupportsIndirectInputEvents = YES;
				INFOPLIST_KEY_UILaunchScreen_Generation = YES;
				INFOPLIST_KEY_UISupportedInterfaceOrientations_iPad = "UIInterfaceOrientationPortrait UIInterfaceOrientationPortraitUpsideDown UIInterfaceOrientationLandscapeLeft UIInterfaceOrientationLandscapeRight";
				INFOPLIST_KEY_UISupportedInterfaceOrientations_iPhone = "UIInterfaceOrientationPortrait UIInterfaceOrientationLandscapeLeft UIInterfaceOrientationLandscapeRight";
				LD_RUNPATH_SEARCH_PATHS = (
					"$(inherited)",
					"@executable_path/Frameworks",
				);
				MARKETING_VERSION = 1.0;
				PRODUCT_BUNDLE_IDENTIFIER = "ezequiel.app.SwiftLint-GitHooks";
				PRODUCT_NAME = "$(TARGET_NAME)";
				SWIFT_EMIT_LOC_STRINGS = YES;
				SWIFT_VERSION = 5.0;
				TARGETED_DEVICE_FAMILY = "1,2";
			};
			name = Release;
		};
/* End XCBuildConfiguration section */

/* Begin XCConfigurationList section */
		276B20852836256500EB9F0A /* Build configuration list for PBXProject "SwiftLint-GitHooks" */ = {
			isa = XCConfigurationList;
			buildConfigurations = (
				276B20962836256700EB9F0A /* Debug */,
				276B20972836256700EB9F0A /* Release */,
			);
			defaultConfigurationIsVisible = 0;
			defaultConfigurationName = Release;
		};
		276B20982836256700EB9F0A /* Build configuration list for PBXNativeTarget "SwiftLint-GitHooks" */ = {
			isa = XCConfigurationList;
			buildConfigurations = (
				276B20992836256700EB9F0A /* Debug */,
				276B209A2836256700EB9F0A /* Release */,
			);
			defaultConfigurationIsVisible = 0;
			defaultConfigurationName = Release;
		};
/* End XCConfigurationList section */
	};
	rootObject = 276B20822836256500EB9F0A /* Project object */;
}
